
Microsoft Visual Studio Solution File, Format Version 12.00
# Visual Studio Version 17
VisualStudioVersion = 17.7.34202.233
MinimumVisualStudioVersion = 10.0.40219.1
Project("{FAE04EC0-301F-11D3-BF4B-00C04F79EFBC}") = "InterviewMvc", "InterviewMvc.csproj", "{7BB64063-85FF-4994-895A-E717B0C3A289}"
EndProject
Global
	GlobalSection(SolutionConfigurationPlatforms) = preSolution
		Debug|Any CPU = Debug|Any CPU
		Release|Any CPU = Release|Any CPU
	EndGlobalSection
	GlobalSection(ProjectConfigurationPlatforms) = postSolution
		{7BB64063-85FF-4994-895A-E717B0C3A289}.Debug|Any CPU.ActiveCfg = Debug|Any CPU
		{7BB64063-85FF-4994-895A-E717B0C3A289}.Debug|Any CPU.Build.0 = Debug|Any CPU
		{7BB64063-85FF-4994-895A-E717B0C3A289}.Release|Any CPU.ActiveCfg = Release|Any CPU
		{7BB64063-85FF-4994-895A-E717B0C3A289}.Release|Any CPU.Build.0 = Release|Any CPU
	EndGlobalSection
	GlobalSection(SolutionProperties) = preSolution
		HideSolutionNode = FALSE
	EndGlobalSection
	GlobalSection(ExtensibilityGlobals) = postSolution
		SolutionGuid = {F5C3A22B-9626-4FF4-8B4D-BD09C64F4930}
	EndGlobalSection
EndGlobal
